
Microsoft Visual Studio Solution File, Format Version 12.00
# Visual Studio Version 16
VisualStudioVersion = 16.0.31313.79
MinimumVisualStudioVersion = 10.0.40219.1
Project("{9A19103F-16F7-4668-BE54-9A1E7A4F7556}") = "Services", "EvengLogService\Services.csproj", "{02F95AAB-5FA6-4C90-AF95-B61B1FC38B54}"
EndProject
Project("{9A19103F-16F7-4668-BE54-9A1E7A4F7556}") = "SubmitApp", "SubmitApp\SubmitApp.csproj", "{56C285D1-3E0F-46FB-81CA-F9CADCF19213}"
EndProject
Project("{9A19103F-16F7-4668-BE54-9A1E7A4F7556}") = "FNProcessOrder", "FNProcessOrder\FNProcessOrder.csproj", "{49E9910A-130A-41E9-BE13-ED745B5698A1}"
EndProject
Project("{FAE04EC0-301F-11D3-BF4B-00C04F79EFBC}") = "FNFulfillOrder", "FNFulfillOrder\FNFulfillOrder.csproj", "{32804239-F29C-42DB-9623-BEBCD1A5A191}"
EndProject
Global
	GlobalSection(SolutionConfigurationPlatforms) = preSolution
		Debug|Any CPU = Debug|Any CPU
		Release|Any CPU = Release|Any CPU
	EndGlobalSection
	GlobalSection(ProjectConfigurationPlatforms) = postSolution
		{02F95AAB-5FA6-4C90-AF95-B61B1FC38B54}.Debug|Any CPU.ActiveCfg = Debug|Any CPU
		{02F95AAB-5FA6-4C90-AF95-B61B1FC38B54}.Debug|Any CPU.Build.0 = Debug|Any CPU
		{02F95AAB-5FA6-4C90-AF95-B61B1FC38B54}.Release|Any CPU.ActiveCfg = Release|Any CPU
		{02F95AAB-5FA6-4C90-AF95-B61B1FC38B54}.Release|Any CPU.Build.0 = Release|Any CPU
		{56C285D1-3E0F-46FB-81CA-F9CADCF19213}.Debug|Any CPU.ActiveCfg = Debug|Any CPU
		{56C285D1-3E0F-46FB-81CA-F9CADCF19213}.Debug|Any CPU.Build.0 = Debug|Any CPU
		{56C285D1-3E0F-46FB-81CA-F9CADCF19213}.Release|Any CPU.ActiveCfg = Release|Any CPU
		{56C285D1-3E0F-46FB-81CA-F9CADCF19213}.Release|Any CPU.Build.0 = Release|Any CPU
		{49E9910A-130A-41E9-BE13-ED745B5698A1}.Debug|Any CPU.ActiveCfg = Debug|Any CPU
		{49E9910A-130A-41E9-BE13-ED745B5698A1}.Debug|Any CPU.Build.0 = Debug|Any CPU
		{49E9910A-130A-41E9-BE13-ED745B5698A1}.Release|Any CPU.ActiveCfg = Release|Any CPU
		{49E9910A-130A-41E9-BE13-ED745B5698A1}.Release|Any CPU.Build.0 = Release|Any CPU
		{32804239-F29C-42DB-9623-BEBCD1A5A191}.Debug|Any CPU.ActiveCfg = Debug|Any CPU
		{32804239-F29C-42DB-9623-BEBCD1A5A191}.Debug|Any CPU.Build.0 = Debug|Any CPU
		{32804239-F29C-42DB-9623-BEBCD1A5A191}.Release|Any CPU.ActiveCfg = Release|Any CPU
		{32804239-F29C-42DB-9623-BEBCD1A5A191}.Release|Any CPU.Build.0 = Release|Any CPU
	EndGlobalSection
	GlobalSection(SolutionProperties) = preSolution
		HideSolutionNode = FALSE
	EndGlobalSection
	GlobalSection(ExtensibilityGlobals) = postSolution
		SolutionGuid = {051D2E25-4285-4E08-9173-443BCC327155}
	EndGlobalSection
EndGlobal
